// !$*UTF8*$!
{
	archiveVersion = 1;
	classes = {
	};
	objectVersion = 77;
	objects = {

/* Begin PBXContainerItemProxy section */
		0AC755622E10C8F100F62739 /* PBXContainerItemProxy */ = {
			isa = PBXContainerItemProxy;
			containerPortal = 0AC7554C2E10C8EE00F62739 /* Project object */;
			proxyType = 1;
			remoteGlobalIDString = 0AC755532E10C8EE00F62739;
			remoteInfo = "voice-assist";
		};
		0AC7556C2E10C8F100F62739 /* PBXContainerItemProxy */ = {
			isa = PBXContainerItemProxy;
			containerPortal = 0AC7554C2E10C8EE00F62739 /* Project object */;
			proxyType = 1;
			remoteGlobalIDString = 0AC755532E10C8EE00F62739;
			remoteInfo = "voice-assist";
		};
/* End PBXContainerItemProxy section */

/* Begin PBXFileReference section */
		0AC755542E10C8EE00F62739 /* voice-assist.app */ = {isa = PBXFileReference; explicitFileType = wrapper.application; includeInIndex = 0; path = "voice-assist.app"; sourceTree = BUILT_PRODUCTS_DIR; };
		0AC755612E10C8F100F62739 /* voice-assistTests.xctest */ = {isa = PBXFileReference; explicitFileType = wrapper.cfbundle; includeInIndex = 0; path = "voice-assistTests.xctest"; sourceTree = BUILT_PRODUCTS_DIR; };
		0AC7556B2E10C8F100F62739 /* voice-assistUITests.xctest */ = {isa = PBXFileReference; explicitFileType = wrapper.cfbundle; includeInIndex = 0; path = "voice-assistUITests.xctest"; sourceTree = BUILT_PRODUCTS_DIR; };
/* End PBXFileReference section */

/* Begin PBXFileSystemSynchronizedRootGroup section */
		0AC755562E10C8EE00F62739 /* voice-assist */ = {
			isa = PBXFileSystemSynchronizedRootGroup;
			path = "voice-assist";
			sourceTree = "<group>";
		};
		0AC755642E10C8F100F62739 /* voice-assistTests */ = {
			isa = PBXFileSystemSynchronizedRootGroup;
			path = "voice-assistTests";
			sourceTree = "<group>";
		};
		0AC7556E2E10C8F100F62739 /* voice-assistUITests */ = {
			isa = PBXFileSystemSynchronizedRootGroup;
			path = "voice-assistUITests";
			sourceTree = "<group>";
		};
/* End PBXFileSystemSynchronizedRootGroup section */

/* Begin PBXFrameworksBuildPhase section */
		0AC755512E10C8EE00F62739 /* Frameworks */ = {
			isa = PBXFrameworksBuildPhase;
			buildActionMask = 2147483647;
			files = (
			);
			runOnlyForDeploymentPostprocessing = 0;
		};
		0AC7555E2E10C8F100F62739 /* Frameworks */ = {
			isa = PBXFrameworksBuildPhase;
			buildActionMask = 2147483647;
			files = (
			);
			runOnlyForDeploymentPostprocessing = 0;
		};
		0AC755682E10C8F100F62739 /* Frameworks */ = {
			isa = PBXFrameworksBuildPhase;
			buildActionMask = 2147483647;
			files = (
			);
			runOnlyForDeploymentPostprocessing = 0;
		};
/* End PBXFrameworksBuildPhase section */

/* Begin PBXGroup section */
		0AC7554B2E10C8EE00F62739 = {
			isa = PBXGroup;
			children = (
				0AC755562E10C8EE00F62739 /* voice-assist */,
				0AC755642E10C8F100F62739 /* voice-assistTests */,
				0AC7556E2E10C8F100F62739 /* voice-assistUITests */,
				0AC755552E10C8EE00F62739 /* Products */,
			);
			sourceTree = "<group>";
		};
		0AC755552E10C8EE00F62739 /* Products */ = {
			isa = PBXGroup;
			children = (
				0AC755542E10C8EE00F62739 /* voice-assist.app */,
				0AC755612E10C8F100F62739 /* voice-assistTests.xctest */,
				0AC7556B2E10C8F100F62739 /* voice-assistUITests.xctest */,
			);
			name = Products;
			sourceTree = "<group>";
		};
/* End PBXGroup section */

/* Begin PBXNativeTarget section */
		0AC755532E10C8EE00F62739 /* voice-assist */ = {
			isa = PBXNativeTarget;
			buildConfigurationList = 0AC755752E10C8F100F62739 /* Build configuration list for PBXNativeTarget "voice-assist" */;
			buildPhases = (
				0AC755502E10C8EE00F62739 /* Sources */,
				0AC755512E10C8EE00F62739 /* Frameworks */,
				0AC755522E10C8EE00F62739 /* Resources */,
			);
			buildRules = (
			);
			dependencies = (
			);
			fileSystemSynchronizedGroups = (
				0AC755562E10C8EE00F62739 /* voice-assist */,
			);
			name = "voice-assist";
			packageProductDependencies = (
			);
			productName = "voice-assist";
			productReference = 0AC755542E10C8EE00F62739 /* voice-assist.app */;
			productType = "com.apple.product-type.application";
		};
		0AC755602E10C8F100F62739 /* voice-assistTests */ = {
			isa = PBXNativeTarget;
			buildConfigurationList = 0AC755782E10C8F100F62739 /* Build configuration list for PBXNativeTarget "voice-assistTests" */;
			buildPhases = (
				0AC7555D2E10C8F100F62739 /* Sources */,
				0AC7555E2E10C8F100F62739 /* Frameworks */,
				0AC7555F2E10C8F100F62739 /* Resources */,
			);
			buildRules = (
			);
			dependencies = (
				0AC755632E10C8F100F62739 /* PBXTargetDependency */,
			);
			fileSystemSynchronizedGroups = (
				0AC755642E10C8F100F62739 /* voice-assistTests */,
			);
			name = "voice-assistTests";
			packageProductDependencies = (
			);
			productName = "voice-assistTests";
			productReference = 0AC755612E10C8F100F62739 /* voice-assistTests.xctest */;
			productType = "com.apple.product-type.bundle.unit-test";
		};
		0AC7556A2E10C8F100F62739 /* voice-assistUITests */ = {
			isa = PBXNativeTarget;
			buildConfigurationList = 0AC7557B2E10C8F100F62739 /* Build configuration list for PBXNativeTarget "voice-assistUITests" */;
			buildPhases = (
				0AC755672E10C8F100F62739 /* Sources */,
				0AC755682E10C8F100F62739 /* Frameworks */,
				0AC755692E10C8F100F62739 /* Resources */,
			);
			buildRules = (
			);
			dependencies = (
				0AC7556D2E10C8F100F62739 /* PBXTargetDependency */,
			);
			fileSystemSynchronizedGroups = (
				0AC7556E2E10C8F100F62739 /* voice-assistUITests */,
			);
			name = "voice-assistUITests";
			packageProductDependencies = (
			);
			productName = "voice-assistUITests";
			productReference = 0AC7556B2E10C8F100F62739 /* voice-assistUITests.xctest */;
			productType = "com.apple.product-type.bundle.ui-testing";
		};
/* End PBXNativeTarget section */

/* Begin PBXProject section */
		0AC7554C2E10C8EE00F62739 /* Project object */ = {
			isa = PBXProject;
			attributes = {
				BuildIndependentTargetsInParallel = 1;
				LastSwiftUpdateCheck = 1640;
				LastUpgradeCheck = 1640;
				TargetAttributes = {
					0AC755532E10C8EE00F62739 = {
						CreatedOnToolsVersion = 16.4;
					};
					0AC755602E10C8F100F62739 = {
						CreatedOnToolsVersion = 16.4;
						TestTargetID = 0AC755532E10C8EE00F62739;
					};
					0AC7556A2E10C8F100F62739 = {
						CreatedOnToolsVersion = 16.4;
						TestTargetID = 0AC755532E10C8EE00F62739;
					};
				};
			};
			buildConfigurationList = 0AC7554F2E10C8EE00F62739 /* Build configuration list for PBXProject "voice-assist" */;
			developmentRegion = en;
			hasScannedForEncodings = 0;
			knownRegions = (
				en,
				Base,
			);
			mainGroup = 0AC7554B2E10C8EE00F62739;
			minimizedProjectReferenceProxies = 1;
			preferredProjectObjectVersion = 77;
			productRefGroup = 0AC755552E10C8EE00F62739 /* Products */;
			projectDirPath = "";
			projectRoot = "";
			targets = (
				0AC755532E10C8EE00F62739 /* voice-assist */,
				0AC755602E10C8F100F62739 /* voice-assistTests */,
				0AC7556A2E10C8F100F62739 /* voice-assistUITests */,
			);
		};
/* End PBXProject section */

/* Begin PBXResourcesBuildPhase section */
		0AC755522E10C8EE00F62739 /* Resources */ = {
			isa = PBXResourcesBuildPhase;
			buildActionMask = 2147483647;
			files = (
			);
			runOnlyForDeploymentPostprocessing = 0;
		};
		0AC7555F2E10C8F100F62739 /* Resources */ = {
			isa = PBXResourcesBuildPhase;
			buildActionMask = 2147483647;
			files = (
			);
			runOnlyForDeploymentPostprocessing = 0;
		};
		0AC755692E10C8F100F62739 /* Resources */ = {
			isa = PBXResourcesBuildPhase;
			buildActionMask = 2147483647;
			files = (
			);
			runOnlyForDeploymentPostprocessing = 0;
		};
/* End PBXResourcesBuildPhase section */

/* Begin PBXSourcesBuildPhase section */
		0AC755502E10C8EE00F62739 /* Sources */ = {
			isa = PBXSourcesBuildPhase;
			buildActionMask = 2147483647;
			files = (
			);
			runOnlyForDeploymentPostprocessing = 0;
		};
		0AC7555D2E10C8F100F62739 /* Sources */ = {
			isa = PBXSourcesBuildPhase;
			buildActionMask = 2147483647;
			files = (
			);
			runOnlyForDeploymentPostprocessing = 0;
		};
		0AC755672E10C8F100F62739 /* Sources */ = {
			isa = PBXSourcesBuildPhase;
			buildActionMask = 2147483647;
			files = (
			);
			runOnlyForDeploymentPostprocessing = 0;
		};
/* End PBXSourcesBuildPhase section */

/* Begin PBXTargetDependency section */
		0AC755632E10C8F100F62739 /* PBXTargetDependency */ = {
			isa = PBXTargetDependency;
			target = 0AC755532E10C8EE00F62739 /* voice-assist */;
			targetProxy = 0AC755622E10C8F100F62739 /* PBXContainerItemProxy */;
		};
		0AC7556D2E10C8F100F62739 /* PBXTargetDependency */ = {
			isa = PBXTargetDependency;
			target = 0AC755532E10C8EE00F62739 /* voice-assist */;
			targetProxy = 0AC7556C2E10C8F100F62739 /* PBXContainerItemProxy */;
		};
/* End PBXTargetDependency section */

/* Begin XCBuildConfiguration section */
		0AC755732E10C8F100F62739 /* Debug */ = {
			isa = XCBuildConfiguration;
			buildSettings = {
				ALWAYS_SEARCH_USER_PATHS = NO;
				ASSETCATALOG_COMPILER_GENERATE_SWIFT_ASSET_SYMBOL_EXTENSIONS = YES;
				CLANG_ANALYZER_NONNULL = YES;
				CLANG_ANALYZER_NUMBER_OBJECT_CONVERSION = YES_AGGRESSIVE;
				CLANG_CXX_LANGUAGE_STANDARD = "gnu++20";
				CLANG_ENABLE_MODULES = YES;
				CLANG_ENABLE_OBJC_ARC = YES;
				CLANG_ENABLE_OBJC_WEAK = YES;
				CLANG_WARN_BLOCK_CAPTURE_AUTORELEASING = YES;
				CLANG_WARN_BOOL_CONVERSION = YES;
				CLANG_WARN_COMMA = YES;
				CLANG_WARN_CONSTANT_CONVERSION = YES;
				CLANG_WARN_DEPRECATED_OBJC_IMPLEMENTATIONS = YES;
				CLANG_WARN_DIRECT_OBJC_ISA_USAGE = YES_ERROR;
				CLANG_WARN_DOCUMENTATION_COMMENTS = YES;
				CLANG_WARN_EMPTY_BODY = YES;
				CLANG_WARN_ENUM_CONVERSION = YES;
				CLANG_WARN_INFINITE_RECURSION = YES;
				CLANG_WARN_INT_CONVERSION = YES;
				CLANG_WARN_NON_LITERAL_NULL_CONVERSION = YES;
				CLANG_WARN_OBJC_IMPLICIT_RETAIN_SELF = YES;
				CLANG_WARN_OBJC_LITERAL_CONVERSION = YES;
				CLANG_WARN_OBJC_ROOT_CLASS = YES_ERROR;
				CLANG_WARN_QUOTED_INCLUDE_IN_FRAMEWORK_HEADER = YES;
				CLANG_WARN_RANGE_LOOP_ANALYSIS = YES;
				CLANG_WARN_STRICT_PROTOTYPES = YES;
				CLANG_WARN_SUSPICIOUS_MOVE = YES;
				CLANG_WARN_UNGUARDED_AVAILABILITY = YES_AGGRESSIVE;
				CLANG_WARN_UNREACHABLE_CODE = YES;
				CLANG_WARN__DUPLICATE_METHOD_MATCH = YES;
				COPY_PHASE_STRIP = NO;
				DEBUG_INFORMATION_FORMAT = dwarf;
				ENABLE_STRICT_OBJC_MSGSEND = YES;
				ENABLE_TESTABILITY = YES;
				ENABLE_USER_SCRIPT_SANDBOXING = YES;
				GCC_C_LANGUAGE_STANDARD = gnu17;
				GCC_DYNAMIC_NO_PIC = NO;
				GCC_NO_COMMON_BLOCKS = YES;
				GCC_OPTIMIZATION_LEVEL = 0;
				GCC_PREPROCESSOR_DEFINITIONS = (
					"DEBUG=1",
					"$(inherited)",
				);
				GCC_WARN_64_TO_32_BIT_CONVERSION = YES;
				GCC_WARN_ABOUT_RETURN_TYPE = YES_ERROR;
				GCC_WARN_UNDECLARED_SELECTOR = YES;
				GCC_WARN_UNINITIALIZED_AUTOS = YES_AGGRESSIVE;
				GCC_WARN_UNUSED_FUNCTION = YES;
				GCC_WARN_UNUSED_VARIABLE = YES;
				IPHONEOS_DEPLOYMENT_TARGET = 18.5;
				LOCALIZATION_PREFERS_STRING_CATALOGS = YES;
				MTL_ENABLE_DEBUG_INFO = INCLUDE_SOURCE;
				MTL_FAST_MATH = YES;
				ONLY_ACTIVE_ARCH = YES;
				SDKROOT = iphoneos;
				SWIFT_ACTIVE_COMPILATION_CONDITIONS = "DEBUG $(inherited)";
				SWIFT_OPTIMIZATION_LEVEL = "-Onone";
			};
			name = Debug;
		};
		0AC755742E10C8F100F62739 /* Release */ = {
			isa = XCBuildConfiguration;
			buildSettings = {
				ALWAYS_SEARCH_USER_PATHS = NO;
				ASSETCATALOG_COMPILER_GENERATE_SWIFT_ASSET_SYMBOL_EXTENSIONS = YES;
				CLANG_ANALYZER_NONNULL = YES;
				CLANG_ANALYZER_NUMBER_OBJECT_CONVERSION = YES_AGGRESSIVE;
				CLANG_CXX_LANGUAGE_STANDARD = "gnu++20";
				CLANG_ENABLE_MODULES = YES;
				CLANG_ENABLE_OBJC_ARC = YES;
				CLANG_ENABLE_OBJC_WEAK = YES;
				CLANG_WARN_BLOCK_CAPTURE_AUTORELEASING = YES;
				CLANG_WARN_BOOL_CONVERSION = YES;
				CLANG_WARN_COMMA = YES;
				CLANG_WARN_CONSTANT_CONVERSION = YES;
				CLANG_WARN_DEPRECATED_OBJC_IMPLEMENTATIONS = YES;
				CLANG_WARN_DIRECT_OBJC_ISA_USAGE = YES_ERROR;
				CLANG_WARN_DOCUMENTATION_COMMENTS = YES;
				CLANG_WARN_EMPTY_BODY = YES;
				CLANG_WARN_ENUM_CONVERSION = YES;
				CLANG_WARN_INFINITE_RECURSION = YES;
				CLANG_WARN_INT_CONVERSION = YES;
				CLANG_WARN_NON_LITERAL_NULL_CONVERSION = YES;
				CLANG_WARN_OBJC_IMPLICIT_RETAIN_SELF = YES;
				CLANG_WARN_OBJC_LITERAL_CONVERSION = YES;
				CLANG_WARN_OBJC_ROOT_CLASS = YES_ERROR;
				CLANG_WARN_QUOTED_INCLUDE_IN_FRAMEWORK_HEADER = YES;
				CLANG_WARN_RANGE_LOOP_ANALYSIS = YES;
				CLANG_WARN_STRICT_PROTOTYPES = YES;
				CLANG_WARN_SUSPICIOUS_MOVE = YES;
				CLANG_WARN_UNGUARDED_AVAILABILITY = YES_AGGRESSIVE;
				CLANG_WARN_UNREACHABLE_CODE = YES;
				CLANG_WARN__DUPLICATE_METHOD_MATCH = YES;
				COPY_PHASE_STRIP = NO;
				DEBUG_INFORMATION_FORMAT = "dwarf-with-dsym";
				ENABLE_NS_ASSERTIONS = NO;
				ENABLE_STRICT_OBJC_MSGSEND = YES;
				ENABLE_USER_SCRIPT_SANDBOXING = YES;
				GCC_C_LANGUAGE_STANDARD = gnu17;
				GCC_NO_COMMON_BLOCKS = YES;
				GCC_WARN_64_TO_32_BIT_CONVERSION = YES;
				GCC_WARN_ABOUT_RETURN_TYPE = YES_ERROR;
				GCC_WARN_UNDECLARED_SELECTOR = YES;
				GCC_WARN_UNINITIALIZED_AUTOS = YES_AGGRESSIVE;
				GCC_WARN_UNUSED_FUNCTION = YES;
				GCC_WARN_UNUSED_VARIABLE = YES;
				IPHONEOS_DEPLOYMENT_TARGET = 18.5;
				LOCALIZATION_PREFERS_STRING_CATALOGS = YES;
				MTL_ENABLE_DEBUG_INFO = NO;
				MTL_FAST_MATH = YES;
				SDKROOT = iphoneos;
				SWIFT_COMPILATION_MODE = wholemodule;
				VALIDATE_PRODUCT = YES;
			};
			name = Release;
		};
		0AC755762E10C8F100F62739 /* Debug */ = {
			isa = XCBuildConfiguration;
			buildSettings = {
				ASSETCATALOG_COMPILER_APPICON_NAME = AppIcon;
				ASSETCATALOG_COMPILER_GLOBAL_ACCENT_COLOR_NAME = AccentColor;
				CODE_SIGN_STYLE = Automatic;
				CURRENT_PROJECT_VERSION = 1;
				ENABLE_PREVIEWS = YES;
				GENERATE_INFOPLIST_FILE = YES;
				INFOPLIST_KEY_UIApplicationSceneManifest_Generation = YES;
				INFOPLIST_KEY_UIApplicationSupportsIndirectInputEvents = YES;
				INFOPLIST_KEY_UILaunchScreen_Generation = YES;
				INFOPLIST_KEY_UISupportedInterfaceOrientations_iPad = "UIInterfaceOrientationPortrait UIInterfaceOrientationPortraitUpsideDown UIInterfaceOrientationLandscapeLeft UIInterfaceOrientationLandscapeRight";
				INFOPLIST_KEY_UISupportedInterfaceOrientations_iPhone = "UIInterfaceOrientationPortrait UIInterfaceOrientationLandscapeLeft UIInterfaceOrientationLandscapeRight";
				LD_RUNPATH_SEARCH_PATHS = (
					"$(inherited)",
					"@executable_path/Frameworks",
				);
				MARKETING_VERSION = 1.0;
				PRODUCT_BUNDLE_IDENTIFIER = "com.notkeepingitreal.voice-assist";
				PRODUCT_NAME = "$(TARGET_NAME)";
				SWIFT_EMIT_LOC_STRINGS = YES;
				SWIFT_VERSION = 5.0;
				TARGETED_DEVICE_FAMILY = "1,2";
			};
			name = Debug;
		};
		0AC755772E10C8F100F62739 /* Release */ = {
			isa = XCBuildConfiguration;
			buildSettings = {
				ASSETCATALOG_COMPILER_APPICON_NAME = AppIcon;
				ASSETCATALOG_COMPILER_GLOBAL_ACCENT_COLOR_NAME = AccentColor;
				CODE_SIGN_STYLE = Automatic;
				CURRENT_PROJECT_VERSION = 1;
				ENABLE_PREVIEWS = YES;
				GENERATE_INFOPLIST_FILE = YES;
				INFOPLIST_KEY_UIApplicationSceneManifest_Generation = YES;
				INFOPLIST_KEY_UIApplicationSupportsIndirectInputEvents = YES;
				INFOPLIST_KEY_UILaunchScreen_Generation = YES;
				INFOPLIST_KEY_UISupportedInterfaceOrientations_iPad = "UIInterfaceOrientationPortrait UIInterfaceOrientationPortraitUpsideDown UIInterfaceOrientationLandscapeLeft UIInterfaceOrientationLandscapeRight";
				INFOPLIST_KEY_UISupportedInterfaceOrientations_iPhone = "UIInterfaceOrientationPortrait UIInterfaceOrientationLandscapeLeft UIInterfaceOrientationLandscapeRight";
				LD_RUNPATH_SEARCH_PATHS = (
					"$(inherited)",
					"@executable_path/Frameworks",
				);
				MARKETING_VERSION = 1.0;
				PRODUCT_BUNDLE_IDENTIFIER = "com.notkeepingitreal.voice-assist";
				PRODUCT_NAME = "$(TARGET_NAME)";
				SWIFT_EMIT_LOC_STRINGS = YES;
				SWIFT_VERSION = 5.0;
				TARGETED_DEVICE_FAMILY = "1,2";
			};
			name = Release;
		};
		0AC755792E10C8F100F62739 /* Debug */ = {
			isa = XCBuildConfiguration;
			buildSettings = {
				BUNDLE_LOADER = "$(TEST_HOST)";
				CODE_SIGN_STYLE = Automatic;
				CURRENT_PROJECT_VERSION = 1;
				GENERATE_INFOPLIST_FILE = YES;
				IPHONEOS_DEPLOYMENT_TARGET = 18.5;
				MARKETING_VERSION = 1.0;
				PRODUCT_BUNDLE_IDENTIFIER = "com.notkeepingitreal.voice-assistTests";
				PRODUCT_NAME = "$(TARGET_NAME)";
				SWIFT_EMIT_LOC_STRINGS = NO;
				SWIFT_VERSION = 5.0;
				TARGETED_DEVICE_FAMILY = "1,2";
				TEST_HOST = "$(BUILT_PRODUCTS_DIR)/voice-assist.app/$(BUNDLE_EXECUTABLE_FOLDER_PATH)/voice-assist";
			};
			name = Debug;
		};
		0AC7557A2E10C8F100F62739 /* Release */ = {
			isa = XCBuildConfiguration;
			buildSettings = {
				BUNDLE_LOADER = "$(TEST_HOST)";
				CODE_SIGN_STYLE = Automatic;
				CURRENT_PROJECT_VERSION = 1;
				GENERATE_INFOPLIST_FILE = YES;
				IPHONEOS_DEPLOYMENT_TARGET = 18.5;
				MARKETING_VERSION = 1.0;
				PRODUCT_BUNDLE_IDENTIFIER = "com.notkeepingitreal.voice-assistTests";
				PRODUCT_NAME = "$(TARGET_NAME)";
				SWIFT_EMIT_LOC_STRINGS = NO;
				SWIFT_VERSION = 5.0;
				TARGETED_DEVICE_FAMILY = "1,2";
				TEST_HOST = "$(BUILT_PRODUCTS_DIR)/voice-assist.app/$(BUNDLE_EXECUTABLE_FOLDER_PATH)/voice-assist";
			};
			name = Release;
		};
		0AC7557C2E10C8F100F62739 /* Debug */ = {
			isa = XCBuildConfiguration;
			buildSettings = {
				CODE_SIGN_STYLE = Automatic;
				CURRENT_PROJECT_VERSION = 1;
				GENERATE_INFOPLIST_FILE = YES;
				MARKETING_VERSION = 1.0;
				PRODUCT_BUNDLE_IDENTIFIER = "com.notkeepingitreal.voice-assistUITests";
				PRODUCT_NAME = "$(TARGET_NAME)";
				SWIFT_EMIT_LOC_STRINGS = NO;
				SWIFT_VERSION = 5.0;
				TARGETED_DEVICE_FAMILY = "1,2";
				TEST_TARGET_NAME = "voice-assist";
			};
			name = Debug;
		};
		0AC7557D2E10C8F100F62739 /* Release */ = {
			isa = XCBuildConfiguration;
			buildSettings = {
				CODE_SIGN_STYLE = Automatic;
				CURRENT_PROJECT_VERSION = 1;
				GENERATE_INFOPLIST_FILE = YES;
				MARKETING_VERSION = 1.0;
				PRODUCT_BUNDLE_IDENTIFIER = "com.notkeepingitreal.voice-assistUITests";
				PRODUCT_NAME = "$(TARGET_NAME)";
				SWIFT_EMIT_LOC_STRINGS = NO;
				SWIFT_VERSION = 5.0;
				TARGETED_DEVICE_FAMILY = "1,2";
				TEST_TARGET_NAME = "voice-assist";
			};
			name = Release;
		};
/* End XCBuildConfiguration section */

/* Begin XCConfigurationList section */
		0AC7554F2E10C8EE00F62739 /* Build configuration list for PBXProject "voice-assist" */ = {
			isa = XCConfigurationList;
			buildConfigurations = (
				0AC755732E10C8F100F62739 /* Debug */,
				0AC755742E10C8F100F62739 /* Release */,
			);
			defaultConfigurationIsVisible = 0;
			defaultConfigurationName = Release;
		};
		0AC755752E10C8F100F62739 /* Build configuration list for PBXNativeTarget "voice-assist" */ = {
			isa = XCConfigurationList;
			buildConfigurations = (
				0AC755762E10C8F100F62739 /* Debug */,
				0AC755772E10C8F100F62739 /* Release */,
			);
			defaultConfigurationIsVisible = 0;
			defaultConfigurationName = Release;
		};
		0AC755782E10C8F100F62739 /* Build configuration list for PBXNativeTarget "voice-assistTests" */ = {
			isa = XCConfigurationList;
			buildConfigurations = (
				0AC755792E10C8F100F62739 /* Debug */,
				0AC7557A2E10C8F100F62739 /* Release */,
			);
			defaultConfigurationIsVisible = 0;
			defaultConfigurationName = Release;
		};
		0AC7557B2E10C8F100F62739 /* Build configuration list for PBXNativeTarget "voice-assistUITests" */ = {
			isa = XCConfigurationList;
			buildConfigurations = (
				0AC7557C2E10C8F100F62739 /* Debug */,
				0AC7557D2E10C8F100F62739 /* Release */,
			);
			defaultConfigurationIsVisible = 0;
			defaultConfigurationName = Release;
		};
/* End XCConfigurationList section */
	};
	rootObject = 0AC7554C2E10C8EE00F62739 /* Project object */;
}
